---
name: vm_lock
runner_type: python-script
description: Locks a VM from having actions performed on it
enabled: true
entry_point: vm_lock.py
parameters:
    vm_id:
        type: integer
        description: ID of the Virtual Machine to lock
        required: true
    open_nebula:
        type: string
        description: >
            Pre-Configured Open Nebula connection details
        required: false
        default: ~
